
Microsoft Visual Studio Solution File, Format Version 12.00
# Visual Studio Version 17
VisualStudioVersion = 17.3.32929.385
MinimumVisualStudioVersion = 10.0.40219.1
Project("{FAE04EC0-301F-11D3-BF4B-00C04F79EFBC}") = "WpfApp1", "WpfApp1\WpfApp1.csproj", "{072BBA8B-EB2B-4E5B-9FAE-9388862B523B}"
EndProject
Global
	GlobalSection(SolutionConfigurationPlatforms) = preSolution
		Debug|Any CPU = Debug|Any CPU
		Release|Any CPU = Release|Any CPU
	EndGlobalSection
	GlobalSection(ProjectConfigurationPlatforms) = postSolution
		{072BBA8B-EB2B-4E5B-9FAE-9388862B523B}.Debug|Any CPU.ActiveCfg = Debug|Any CPU
		{072BBA8B-EB2B-4E5B-9FAE-9388862B523B}.Debug|Any CPU.Build.0 = Debug|Any CPU
		{072BBA8B-EB2B-4E5B-9FAE-9388862B523B}.Release|Any CPU.ActiveCfg = Release|Any CPU
		{072BBA8B-EB2B-4E5B-9FAE-9388862B523B}.Release|Any CPU.Build.0 = Release|Any CPU
	EndGlobalSection
	GlobalSection(SolutionProperties) = preSolution
		HideSolutionNode = FALSE
	EndGlobalSection
	GlobalSection(ExtensibilityGlobals) = postSolution
		SolutionGuid = {D17C67DE-CF10-4F11-86FD-5A566E1028A1}
	EndGlobalSection
EndGlobal
